
Microsoft Visual Studio Solution File, Format Version 12.00
# Visual Studio Version 16
VisualStudioVersion = 16.0.31112.23
MinimumVisualStudioVersion = 10.0.40219.1
Project("{FAE04EC0-301F-11D3-BF4B-00C04F79EFBC}") = "Vector Tiles Google Maps", "Vector Tiles Google Maps.csproj", "{DAB49A7D-6E90-404D-AD1E-93C68EAFCE26}"
EndProject
Global
	GlobalSection(SolutionConfigurationPlatforms) = preSolution
		Debug|Any CPU = Debug|Any CPU
		Release|Any CPU = Release|Any CPU
	EndGlobalSection
	GlobalSection(ProjectConfigurationPlatforms) = postSolution
		{DAB49A7D-6E90-404D-AD1E-93C68EAFCE26}.Debug|Any CPU.ActiveCfg = Debug|Any CPU
		{DAB49A7D-6E90-404D-AD1E-93C68EAFCE26}.Debug|Any CPU.Build.0 = Debug|Any CPU
		{DAB49A7D-6E90-404D-AD1E-93C68EAFCE26}.Release|Any CPU.ActiveCfg = Release|Any CPU
		{DAB49A7D-6E90-404D-AD1E-93C68EAFCE26}.Release|Any CPU.Build.0 = Release|Any CPU
	EndGlobalSection
	GlobalSection(SolutionProperties) = preSolution
		HideSolutionNode = FALSE
	EndGlobalSection
	GlobalSection(ExtensibilityGlobals) = postSolution
		SolutionGuid = {A9D7F879-778E-47D3-8DD0-E5973F7D0CA6}
	EndGlobalSection
EndGlobal
